# THIS IS AN AUTOGENERATED FILE. DO NOT EDIT THIS FILE DIRECTLY.
# yarn lockfile v1


"@types/validator@^12.0.1":
  version "12.0.1"
  resolved "https://registry.yarnpkg.com/@types/validator/-/validator-12.0.1.tgz#73dbc7f5f730ff7131754bca682824eb3c260b79"
  integrity sha512-l57fIANZLMe8DArz+SDb+7ATXnDm15P7u2wHBw5mb0aSMd+UuvmvhouBF2hdLgQPDMJ39sh9g2MJO4GkZ0VAdQ==

validator@^12.2.0:
  version "12.2.0"
  resolved "https://registry.yarnpkg.com/validator/-/validator-12.2.0.tgz#660d47e96267033fd070096c3b1a6f2db4380a0a"
  integrity sha512-jJfE/DW6tIK1Ek8nCfNFqt8Wb3nzMoAbocBF6/Icgg1ZFSBpObdnwVY2jQj6qUqzhx5jc71fpvBWyLGO7Xl+nQ==
